{
  "lockfile_version": "1",
  "packages": {
    "github:NixOS/nixpkgs/nixpkgs-unstable": {
      "last_modified": "2026-02-01T22:02:28Z",
      "resolved": "github:NixOS/nixpkgs/eb8d947de7b05897b2b5f4117d184f9c9846cd06?lastModified=1769983348"
    },
    "libffi": {
      "resolved": "github:NixOS/nixpkgs/eb8d947de7b05897b2b5f4117d184f9c9846cd06#libffi",
      "source": "nixpkg"
    },
    "libyaml": {
      "resolved": "github:NixOS/nixpkgs/eb8d947de7b05897b2b5f4117d184f9c9846cd06#libyaml",
      "source": "nixpkg"
    },
    "nodejs@20": {
      "last_modified": "2026-01-24T23:43:55Z",
      "plugin_version": "0.0.2",
      "resolved": "github:NixOS/nixpkgs/26b0093bc977081dc7653175a3fadab11e07bed7#nodejs_20",
      "source": "devbox-search",
      "version": "20.20.0",
      "systems": {
        "aarch64-darwin": {
          "outputs": [
            {
              "name": "out",
              "path": "/nix/store/lpxs72iagg4hxnd8swgpvaiajgpdiaiv-nodejs-20.20.0",
              "default": true
            },
            {
              "name": "dev",
              "path": "/nix/store/ffv0m7yqk3zdrjcbz030l5h4drd3qpxi-nodejs-20.20.0-dev"
            },
            {
              "name": "libv8",
              "path": "/nix/store/na6qprgp6izbr2acc67rv45i8f567c61-nodejs-20.20.0-libv8"
            }
          ],
          "store_path": "/nix/store/lpxs72iagg4hxnd8swgpvaiajgpdiaiv-nodejs-20.20.0"
        },
        "aarch64-linux": {
          "outputs": [
            {
              "name": "out",
              "path": "/nix/store/j99h1wchrxq7yjgsgdfzpb471gd9ffzz-nodejs-20.20.0",
              "default": true
            },
            {
              "name": "dev",
              "path": "/nix/store/sj3dkxdbgi6aw7bdw3y4g6f1p3167mzi-nodejs-20.20.0-dev"
            },
            {
              "name": "libv8",
              "path": "/nix/store/w43cfcpz1d205xwixvyb0wnrq62nfs5r-nodejs-20.20.0-libv8"
            }
          ],
          "store_path": "/nix/store/j99h1wchrxq7yjgsgdfzpb471gd9ffzz-nodejs-20.20.0"
        },
        "x86_64-darwin": {
          "outputs": [
            {
              "name": "out",
              "path": "/nix/store/93b8p46bmm8qrwymi6aw99h8n0nnni03-nodejs-20.20.0",
              "default": true
            },
            {
              "name": "libv8",
              "path": "/nix/store/0g5s1xy86aqbi1cfa35z63rak73hki6y-nodejs-20.20.0-libv8"
            },
            {
              "name": "dev",
              "path": "/nix/store/gafdza0dkjvhqsx0xlmi1wsgw1ha6ash-nodejs-20.20.0-dev"
            }
          ],
          "store_path": "/nix/store/93b8p46bmm8qrwymi6aw99h8n0nnni03-nodejs-20.20.0"
        },
        "x86_64-linux": {
          "outputs": [
            {
              "name": "out",
              "path": "/nix/store/mcy5n3l8z7dbvaic7kgh80b86xj7smkn-nodejs-20.20.0",
              "default": true
            },
            {
              "name": "libv8",
              "path": "/nix/store/7sljbl366m4vlf79va6l4441j1qmpjax-nodejs-20.20.0-libv8"
            },
            {
              "name": "dev",
              "path": "/nix/store/p6c5l3l0p5cymnzybcyil9dqbiymi6ly-nodejs-20.20.0-dev"
            }
          ],
          "store_path": "/nix/store/mcy5n3l8z7dbvaic7kgh80b86xj7smkn-nodejs-20.20.0"
        }
      }
    },
    "openssl": {
      "resolved": "github:NixOS/nixpkgs/eb8d947de7b05897b2b5f4117d184f9c9846cd06#openssl",
      "source": "nixpkg"
    },
    "postgresql@16": {
      "last_modified": "2024-12-22T08:27:48Z",
      "plugin_version": "0.0.2",
      "resolved": "github:NixOS/nixpkgs/93ff48c9be84a76319dac293733df09bbbe3f25c#postgresql",
      "source": "devbox-search",
      "version": "16.5",
      "systems": {
        "aarch64-darwin": {
          "outputs": [
            {
              "name": "out",
              "path": "/nix/store/6l498xrh9z690js5zmd3p2ps0r00ri9p-postgresql-16.5",
              "default": true
            },
            {
              "name": "man",
              "path": "/nix/store/5yiw867cz810zi0z2yg5y794w2sy8kzq-postgresql-16.5-man",
              "default": true
            },
            {
              "name": "lib",
              "path": "/nix/store/c3a1ij8vyxv5fyg7qp6la2mn54jn84sn-postgresql-16.5-lib"
            },
            {
              "name": "dev",
              "path": "/nix/store/9mc2nq9m18x0l7c1gyasp064cf2894vx-postgresql-16.5-dev"
            },
            {
              "name": "doc",
              "path": "/nix/store/lxqw2xsh0vm11rcz5wayhskb8w9wjlih-postgresql-16.5-doc"
            }
          ],
          "store_path": "/nix/store/6l498xrh9z690js5zmd3p2ps0r00ri9p-postgresql-16.5"
        },
        "aarch64-linux": {
          "outputs": [
            {
              "name": "out",
              "path": "/nix/store/vjcavy1l0s1l0frjag900239cpmvj17f-postgresql-16.5",
              "default": true
            },
            {
              "name": "man",
              "path": "/nix/store/4l4a2044a6mb79sm46679ifappmj8vgc-postgresql-16.5-man",
              "default": true
            },
            {
              "name": "doc",
              "path": "/nix/store/1sa3z90r6hrcfsd4hy4rxbwzbw6aa4p6-postgresql-16.5-doc"
            },
            {
              "name": "lib",
              "path": "/nix/store/gr06jpjpxzqkpyyhg1f7v9mmy1f9qzgp-postgresql-16.5-lib"
            },
            {
              "name": "debug",
              "path": "/nix/store/zlw8cxkzf9a43mmplsp88dbjy8adbjkx-postgresql-16.5-debug"
            },
            {
              "name": "dev",
              "path": "/nix/store/8mbabq6zp86a1gm2nf109pa1dvgp8s02-postgresql-16.5-dev"
            }
          ],
          "store_path": "/nix/store/vjcavy1l0s1l0frjag900239cpmvj17f-postgresql-16.5"
        },
        "x86_64-darwin": {
          "outputs": [
            {
              "name": "out",
              "path": "/nix/store/808d9axcd5q934lsi3l5v3x8phks9wc4-postgresql-16.5",
              "default": true
            },
            {
              "name": "man",
              "path": "/nix/store/8njx7dcc3gj9j46cn5lfc8knd52hvl7k-postgresql-16.5-man",
              "default": true
            },
            {
              "name": "dev",
              "path": "/nix/store/pn22i14qpv3yxmaacd5yfcqxpqm3grlq-postgresql-16.5-dev"
            },
            {
              "name": "doc",
              "path": "/nix/store/kd05cfbhaiiihdx6kkrjdyrywgjzfnqj-postgresql-16.5-doc"
            },
            {
              "name": "lib",
              "path": "/nix/store/1gnp8q95nfjna56sllv66jbf6hshi6bd-postgresql-16.5-lib"
            }
          ],
          "store_path": "/nix/store/808d9axcd5q934lsi3l5v3x8phks9wc4-postgresql-16.5"
        },
        "x86_64-linux": {
          "outputs": [
            {
              "name": "out",
              "path": "/nix/store/0z5iwcvalafm3j2c5pfhllsfbxrbyzf4-postgresql-16.5",
              "default": true
            },
            {
              "name": "man",
              "path": "/nix/store/0q9yki1d9czy7i7mly8gy3ffjvc3hkqv-postgresql-16.5-man",
              "default": true
            },
            {
              "name": "debug",
              "path": "/nix/store/zvysixjns32iz6qlkr8s5b70cw50l0qy-postgresql-16.5-debug"
            },
            {
              "name": "dev",
              "path": "/nix/store/207n898zbi7mb5scjaf532v78c3rll9f-postgresql-16.5-dev"
            },
            {
              "name": "doc",
              "path": "/nix/store/7ip3havx020h3527y7cqdl8l39p3g67b-postgresql-16.5-doc"
            },
            {
              "name": "lib",
              "path": "/nix/store/qi2zbhdnzdci7i0a6g64mbkk8wnzznlh-postgresql-16.5-lib"
            }
          ],
          "store_path": "/nix/store/0z5iwcvalafm3j2c5pfhllsfbxrbyzf4-postgresql-16.5"
        }
      }
    },
    "readline": {
      "resolved": "github:NixOS/nixpkgs/eb8d947de7b05897b2b5f4117d184f9c9846cd06#readline",
      "source": "nixpkg"
    },
    "ruby@3.4": {
      "last_modified": "2026-01-23T17:20:52Z",
      "plugin_version": "0.0.2",
      "resolved": "github:NixOS/nixpkgs/a1bab9e494f5f4939442a57a58d0449a109593fe#ruby_3_4",
      "source": "devbox-search",
      "version": "3.4.8",
      "systems": {
        "aarch64-darwin": {
          "outputs": [
            {
              "name": "out",
              "path": "/nix/store/q68n46bxws0568w63lfibkfdy8gkpp4b-ruby-3.4.8",
              "default": true
            },
            {
              "name": "devdoc",
              "path": "/nix/store/rymcr7f5hj2fi0j8bbf0z89p547ajzdk-ruby-3.4.8-devdoc"
            }
          ],
          "store_path": "/nix/store/q68n46bxws0568w63lfibkfdy8gkpp4b-ruby-3.4.8"
        },
        "aarch64-linux": {
          "outputs": [
            {
              "name": "out",
              "path": "/nix/store/x6vdz0l91i253n3q6ska9hj2jzm3n1c5-ruby-3.4.8",
              "default": true
            },
            {
              "name": "devdoc",
              "path": "/nix/store/ac13nx9kmlnyvryvpax4b3zp9ys8sr23-ruby-3.4.8-devdoc"
            }
          ],
          "store_path": "/nix/store/x6vdz0l91i253n3q6ska9hj2jzm3n1c5-ruby-3.4.8"
        },
        "x86_64-darwin": {
          "outputs": [
            {
              "name": "out",
              "path": "/nix/store/8715s6l54qpk1g1ahlryjz8d902dr2b3-ruby-3.4.8",
              "default": true
            },
            {
              "name": "devdoc",
              "path": "/nix/store/rpp94q0cwjgxxna18pwncjlhnibfm635-ruby-3.4.8-devdoc"
            }
          ],
          "store_path": "/nix/store/8715s6l54qpk1g1ahlryjz8d902dr2b3-ruby-3.4.8"
        },
        "x86_64-linux": {
          "outputs": [
            {
              "name": "out",
              "path": "/nix/store/mhg2vi11q6f5qb4dxhc82phni1yrj6l6-ruby-3.4.8",
              "default": true
            },
            {
              "name": "devdoc",
              "path": "/nix/store/a29ff096ph0cq4kdq616y1rwqyqs0zb6-ruby-3.4.8-devdoc"
            }
          ],
          "store_path": "/nix/store/mhg2vi11q6f5qb4dxhc82phni1yrj6l6-ruby-3.4.8"
        }
      }
    },
    "yarn@1.22": {
      "last_modified": "2026-01-23T17:20:52Z",
      "resolved": "github:NixOS/nixpkgs/a1bab9e494f5f4939442a57a58d0449a109593fe#yarn",
      "source": "devbox-search",
      "version": "1.22.22",
      "systems": {
        "aarch64-darwin": {
          "outputs": [
            {
              "name": "out",
              "path": "/nix/store/0cd64z50gqis8fcvcixhifd3c093gxma-yarn-1.22.22",
              "default": true
            }
          ],
          "store_path": "/nix/store/0cd64z50gqis8fcvcixhifd3c093gxma-yarn-1.22.22"
        },
        "aarch64-linux": {
          "outputs": [
            {
              "name": "out",
              "path": "/nix/store/r26rphs7kpljdnshd1nci1g5qjw0ayn2-yarn-1.22.22",
              "default": true
            }
          ],
          "store_path": "/nix/store/r26rphs7kpljdnshd1nci1g5qjw0ayn2-yarn-1.22.22"
        },
        "x86_64-darwin": {
          "outputs": [
            {
              "name": "out",
              "path": "/nix/store/n78iwihflnr0c8bf0xyhvm6nivq0yng2-yarn-1.22.22",
              "default": true
            }
          ],
          "store_path": "/nix/store/n78iwihflnr0c8bf0xyhvm6nivq0yng2-yarn-1.22.22"
        },
        "x86_64-linux": {
          "outputs": [
            {
              "name": "out",
              "path": "/nix/store/5yc7qn8vaawl2v2gqd0rv2igir9wasg3-yarn-1.22.22",
              "default": true
            }
          ],
          "store_path": "/nix/store/5yc7qn8vaawl2v2gqd0rv2igir9wasg3-yarn-1.22.22"
        }
      }
    },
    "zlib": {
      "resolved": "github:NixOS/nixpkgs/eb8d947de7b05897b2b5f4117d184f9c9846cd06#zlib",
      "source": "nixpkg"
    }
  }
}
